// !$*UTF8*$!
{
	archiveVersion = 1;
	classes = {
	};
	objectVersion = 56;
	objects = {

/* Begin PBXBuildFile section */
		6F7C95B92A887F9400D88A96 /* RestartApp.swift in Sources */ = {isa = PBXBuildFile; fileRef = 6F7C95B82A887F9400D88A96 /* RestartApp.swift */; };
		6F7C95BB2A887F9400D88A96 /* ContentView.swift in Sources */ = {isa = PBXBuildFile; fileRef = 6F7C95BA2A887F9400D88A96 /* ContentView.swift */; };
		6F7C95BD2A887F9500D88A96 /* Assets.xcassets in Resources */ = {isa = PBXBuildFile; fileRef = 6F7C95BC2A887F9500D88A96 /* Assets.xcassets */; };
		6F7C95C02A887F9500D88A96 /* Preview Assets.xcassets in Resources */ = {isa = PBXBuildFile; fileRef = 6F7C95BF2A887F9500D88A96 /* Preview Assets.xcassets */; };
		6F7C95C92A88814100D88A96 /* chimeup.mp3 in Resources */ = {isa = PBXBuildFile; fileRef = 6F7C95C72A88814100D88A96 /* chimeup.mp3 */; };
		6F7C95CA2A88814100D88A96 /* success.m4a in Resources */ = {isa = PBXBuildFile; fileRef = 6F7C95C82A88814100D88A96 /* success.m4a */; };
		6F7C95D02A8883C900D88A96 /* OnboardingView.swift in Sources */ = {isa = PBXBuildFile; fileRef = 6F7C95CF2A8883C900D88A96 /* OnboardingView.swift */; };
		6F7C95D22A8883D100D88A96 /* HomeView.swift in Sources */ = {isa = PBXBuildFile; fileRef = 6F7C95D12A8883D100D88A96 /* HomeView.swift */; };
		6F7C95D42A888EC400D88A96 /* CircleGroupView.swift in Sources */ = {isa = PBXBuildFile; fileRef = 6F7C95D32A888EC400D88A96 /* CircleGroupView.swift */; };
		6F7C95D62A88AFC600D88A96 /* AudioPlayer.swift in Sources */ = {isa = PBXBuildFile; fileRef = 6F7C95D52A88AFC600D88A96 /* AudioPlayer.swift */; };
/* End PBXBuildFile section */

/* Begin PBXFileReference section */
		6F7C95B52A887F9400D88A96 /* Restart.app */ = {isa = PBXFileReference; explicitFileType = wrapper.application; includeInIndex = 0; path = Restart.app; sourceTree = BUILT_PRODUCTS_DIR; };
		6F7C95B82A887F9400D88A96 /* RestartApp.swift */ = {isa = PBXFileReference; lastKnownFileType = sourcecode.swift; path = RestartApp.swift; sourceTree = "<group>"; };
		6F7C95BA2A887F9400D88A96 /* ContentView.swift */ = {isa = PBXFileReference; lastKnownFileType = sourcecode.swift; path = ContentView.swift; sourceTree = "<group>"; };
		6F7C95BC2A887F9500D88A96 /* Assets.xcassets */ = {isa = PBXFileReference; lastKnownFileType = folder.assetcatalog; path = Assets.xcassets; sourceTree = "<group>"; };
		6F7C95BF2A887F9500D88A96 /* Preview Assets.xcassets */ = {isa = PBXFileReference; lastKnownFileType = folder.assetcatalog; path = "Preview Assets.xcassets"; sourceTree = "<group>"; };
		6F7C95C72A88814100D88A96 /* chimeup.mp3 */ = {isa = PBXFileReference; lastKnownFileType = audio.mp3; path = chimeup.mp3; sourceTree = "<group>"; };
		6F7C95C82A88814100D88A96 /* success.m4a */ = {isa = PBXFileReference; lastKnownFileType = file; path = success.m4a; sourceTree = "<group>"; };
		6F7C95CE2A88838300D88A96 /* Info.plist */ = {isa = PBXFileReference; lastKnownFileType = text.plist; path = Info.plist; sourceTree = "<group>"; };
		6F7C95CF2A8883C900D88A96 /* OnboardingView.swift */ = {isa = PBXFileReference; lastKnownFileType = sourcecode.swift; path = OnboardingView.swift; sourceTree = "<group>"; };
		6F7C95D12A8883D100D88A96 /* HomeView.swift */ = {isa = PBXFileReference; lastKnownFileType = sourcecode.swift; path = HomeView.swift; sourceTree = "<group>"; };
		6F7C95D32A888EC400D88A96 /* CircleGroupView.swift */ = {isa = PBXFileReference; lastKnownFileType = sourcecode.swift; path = CircleGroupView.swift; sourceTree = "<group>"; };
		6F7C95D52A88AFC600D88A96 /* AudioPlayer.swift */ = {isa = PBXFileReference; lastKnownFileType = sourcecode.swift; path = AudioPlayer.swift; sourceTree = "<group>"; };
/* End PBXFileReference section */

/* Begin PBXFrameworksBuildPhase section */
		6F7C95B22A887F9400D88A96 /* Frameworks */ = {
			isa = PBXFrameworksBuildPhase;
			buildActionMask = 2147483647;
			files = (
			);
			runOnlyForDeploymentPostprocessing = 0;
		};
/* End PBXFrameworksBuildPhase section */

/* Begin PBXGroup section */
		6F7C95AC2A887F9400D88A96 = {
			isa = PBXGroup;
			children = (
				6F7C95B72A887F9400D88A96 /* Restart */,
				6F7C95B62A887F9400D88A96 /* Products */,
			);
			sourceTree = "<group>";
		};
		6F7C95B62A887F9400D88A96 /* Products */ = {
			isa = PBXGroup;
			children = (
				6F7C95B52A887F9400D88A96 /* Restart.app */,
			);
			name = Products;
			sourceTree = "<group>";
		};
		6F7C95B72A887F9400D88A96 /* Restart */ = {
			isa = PBXGroup;
			children = (
				6F7C95CE2A88838300D88A96 /* Info.plist */,
				6F7C95CD2A88823D00D88A96 /* Utilities */,
				6F7C95CC2A88821E00D88A96 /* Views */,
				6F7C95C62A88814100D88A96 /* Sounds */,
				6F7C95B82A887F9400D88A96 /* RestartApp.swift */,
				6F7C95CB2A88821400D88A96 /* Screens */,
				6F7C95BC2A887F9500D88A96 /* Assets.xcassets */,
				6F7C95BE2A887F9500D88A96 /* Preview Content */,
			);
			path = Restart;
			sourceTree = "<group>";
		};
		6F7C95BE2A887F9500D88A96 /* Preview Content */ = {
			isa = PBXGroup;
			children = (
				6F7C95BF2A887F9500D88A96 /* Preview Assets.xcassets */,
			);
			path = "Preview Content";
			sourceTree = "<group>";
		};
		6F7C95C62A88814100D88A96 /* Sounds */ = {
			isa = PBXGroup;
			children = (
				6F7C95C72A88814100D88A96 /* chimeup.mp3 */,
				6F7C95C82A88814100D88A96 /* success.m4a */,
			);
			path = Sounds;
			sourceTree = "<group>";
		};
		6F7C95CB2A88821400D88A96 /* Screens */ = {
			isa = PBXGroup;
			children = (
				6F7C95BA2A887F9400D88A96 /* ContentView.swift */,
				6F7C95CF2A8883C900D88A96 /* OnboardingView.swift */,
				6F7C95D12A8883D100D88A96 /* HomeView.swift */,
			);
			path = Screens;
			sourceTree = "<group>";
		};
		6F7C95CC2A88821E00D88A96 /* Views */ = {
			isa = PBXGroup;
			children = (
				6F7C95D32A888EC400D88A96 /* CircleGroupView.swift */,
			);
			path = Views;
			sourceTree = "<group>";
		};
		6F7C95CD2A88823D00D88A96 /* Utilities */ = {
			isa = PBXGroup;
			children = (
				6F7C95D52A88AFC600D88A96 /* AudioPlayer.swift */,
			);
			path = Utilities;
			sourceTree = "<group>";
		};
/* End PBXGroup section */

/* Begin PBXNativeTarget section */
		6F7C95B42A887F9400D88A96 /* Restart */ = {
			isa = PBXNativeTarget;
			buildConfigurationList = 6F7C95C32A887F9500D88A96 /* Build configuration list for PBXNativeTarget "Restart" */;
			buildPhases = (
				6F7C95B12A887F9400D88A96 /* Sources */,
				6F7C95B22A887F9400D88A96 /* Frameworks */,
				6F7C95B32A887F9400D88A96 /* Resources */,
			);
			buildRules = (
			);
			dependencies = (
			);
			name = Restart;
			productName = Restart;
			productReference = 6F7C95B52A887F9400D88A96 /* Restart.app */;
			productType = "com.apple.product-type.application";
		};
/* End PBXNativeTarget section */

/* Begin PBXProject section */
		6F7C95AD2A887F9400D88A96 /* Project object */ = {
			isa = PBXProject;
			attributes = {
				BuildIndependentTargetsInParallel = 1;
				LastSwiftUpdateCheck = 1430;
				LastUpgradeCheck = 1430;
				TargetAttributes = {
					6F7C95B42A887F9400D88A96 = {
						CreatedOnToolsVersion = 14.3.1;
					};
				};
			};
			buildConfigurationList = 6F7C95B02A887F9400D88A96 /* Build configuration list for PBXProject "Restart" */;
			compatibilityVersion = "Xcode 14.0";
			developmentRegion = en;
			hasScannedForEncodings = 0;
			knownRegions = (
				en,
				Base,
			);
			mainGroup = 6F7C95AC2A887F9400D88A96;
			productRefGroup = 6F7C95B62A887F9400D88A96 /* Products */;
			projectDirPath = "";
			projectRoot = "";
			targets = (
				6F7C95B42A887F9400D88A96 /* Restart */,
			);
		};
/* End PBXProject section */

/* Begin PBXResourcesBuildPhase section */
		6F7C95B32A887F9400D88A96 /* Resources */ = {
			isa = PBXResourcesBuildPhase;
			buildActionMask = 2147483647;
			files = (
				6F7C95CA2A88814100D88A96 /* success.m4a in Resources */,
				6F7C95C92A88814100D88A96 /* chimeup.mp3 in Resources */,
				6F7C95C02A887F9500D88A96 /* Preview Assets.xcassets in Resources */,
				6F7C95BD2A887F9500D88A96 /* Assets.xcassets in Resources */,
			);
			runOnlyForDeploymentPostprocessing = 0;
		};
/* End PBXResourcesBuildPhase section */

/* Begin PBXSourcesBuildPhase section */
		6F7C95B12A887F9400D88A96 /* Sources */ = {
			isa = PBXSourcesBuildPhase;
			buildActionMask = 2147483647;
			files = (
				6F7C95D42A888EC400D88A96 /* CircleGroupView.swift in Sources */,
				6F7C95D02A8883C900D88A96 /* OnboardingView.swift in Sources */,
				6F7C95D22A8883D100D88A96 /* HomeView.swift in Sources */,
				6F7C95BB2A887F9400D88A96 /* ContentView.swift in Sources */,
				6F7C95B92A887F9400D88A96 /* RestartApp.swift in Sources */,
				6F7C95D62A88AFC600D88A96 /* AudioPlayer.swift in Sources */,
			);
			runOnlyForDeploymentPostprocessing = 0;
		};
/* End PBXSourcesBuildPhase section */

/* Begin XCBuildConfiguration section */
		6F7C95C12A887F9500D88A96 /* Debug */ = {
			isa = XCBuildConfiguration;
			buildSettings = {
				ALWAYS_SEARCH_USER_PATHS = NO;
				CLANG_ANALYZER_NONNULL = YES;
				CLANG_ANALYZER_NUMBER_OBJECT_CONVERSION = YES_AGGRESSIVE;
				CLANG_CXX_LANGUAGE_STANDARD = "gnu++20";
				CLANG_ENABLE_MODULES = YES;
				CLANG_ENABLE_OBJC_ARC = YES;
				CLANG_ENABLE_OBJC_WEAK = YES;
				CLANG_WARN_BLOCK_CAPTURE_AUTORELEASING = YES;
				CLANG_WARN_BOOL_CONVERSION = YES;
				CLANG_WARN_COMMA = YES;
				CLANG_WARN_CONSTANT_CONVERSION = YES;
				CLANG_WARN_DEPRECATED_OBJC_IMPLEMENTATIONS = YES;
				CLANG_WARN_DIRECT_OBJC_ISA_USAGE = YES_ERROR;
				CLANG_WARN_DOCUMENTATION_COMMENTS = YES;
				CLANG_WARN_EMPTY_BODY = YES;
				CLANG_WARN_ENUM_CONVERSION = YES;
				CLANG_WARN_INFINITE_RECURSION = YES;
				CLANG_WARN_INT_CONVERSION = YES;
				CLANG_WARN_NON_LITERAL_NULL_CONVERSION = YES;
				CLANG_WARN_OBJC_IMPLICIT_RETAIN_SELF = YES;
				CLANG_WARN_OBJC_LITERAL_CONVERSION = YES;
				CLANG_WARN_OBJC_ROOT_CLASS = YES_ERROR;
				CLANG_WARN_QUOTED_INCLUDE_IN_FRAMEWORK_HEADER = YES;
				CLANG_WARN_RANGE_LOOP_ANALYSIS = YES;
				CLANG_WARN_STRICT_PROTOTYPES = YES;
				CLANG_WARN_SUSPICIOUS_MOVE = YES;
				CLANG_WARN_UNGUARDED_AVAILABILITY = YES_AGGRESSIVE;
				CLANG_WARN_UNREACHABLE_CODE = YES;
				CLANG_WARN__DUPLICATE_METHOD_MATCH = YES;
				COPY_PHASE_STRIP = NO;
				DEBUG_INFORMATION_FORMAT = dwarf;
				ENABLE_STRICT_OBJC_MSGSEND = YES;
				ENABLE_TESTABILITY = YES;
				GCC_C_LANGUAGE_STANDARD = gnu11;
				GCC_DYNAMIC_NO_PIC = NO;
				GCC_NO_COMMON_BLOCKS = YES;
				GCC_OPTIMIZATION_LEVEL = 0;
				GCC_PREPROCESSOR_DEFINITIONS = (
					"DEBUG=1",
					"$(inherited)",
				);
				GCC_WARN_64_TO_32_BIT_CONVERSION = YES;
				GCC_WARN_ABOUT_RETURN_TYPE = YES_ERROR;
				GCC_WARN_UNDECLARED_SELECTOR = YES;
				GCC_WARN_UNINITIALIZED_AUTOS = YES_AGGRESSIVE;
				GCC_WARN_UNUSED_FUNCTION = YES;
				GCC_WARN_UNUSED_VARIABLE = YES;
				IPHONEOS_DEPLOYMENT_TARGET = 16.4;
				MTL_ENABLE_DEBUG_INFO = INCLUDE_SOURCE;
				MTL_FAST_MATH = YES;
				ONLY_ACTIVE_ARCH = YES;
				SDKROOT = iphoneos;
				SWIFT_ACTIVE_COMPILATION_CONDITIONS = DEBUG;
				SWIFT_OPTIMIZATION_LEVEL = "-Onone";
			};
			name = Debug;
		};
		6F7C95C22A887F9500D88A96 /* Release */ = {
			isa = XCBuildConfiguration;
			buildSettings = {
				ALWAYS_SEARCH_USER_PATHS = NO;
				CLANG_ANALYZER_NONNULL = YES;
				CLANG_ANALYZER_NUMBER_OBJECT_CONVERSION = YES_AGGRESSIVE;
				CLANG_CXX_LANGUAGE_STANDARD = "gnu++20";
				CLANG_ENABLE_MODULES = YES;
				CLANG_ENABLE_OBJC_ARC = YES;
				CLANG_ENABLE_OBJC_WEAK = YES;
				CLANG_WARN_BLOCK_CAPTURE_AUTORELEASING = YES;
				CLANG_WARN_BOOL_CONVERSION = YES;
				CLANG_WARN_COMMA = YES;
				CLANG_WARN_CONSTANT_CONVERSION = YES;
				CLANG_WARN_DEPRECATED_OBJC_IMPLEMENTATIONS = YES;
				CLANG_WARN_DIRECT_OBJC_ISA_USAGE = YES_ERROR;
				CLANG_WARN_DOCUMENTATION_COMMENTS = YES;
				CLANG_WARN_EMPTY_BODY = YES;
				CLANG_WARN_ENUM_CONVERSION = YES;
				CLANG_WARN_INFINITE_RECURSION = YES;
				CLANG_WARN_INT_CONVERSION = YES;
				CLANG_WARN_NON_LITERAL_NULL_CONVERSION = YES;
				CLANG_WARN_OBJC_IMPLICIT_RETAIN_SELF = YES;
				CLANG_WARN_OBJC_LITERAL_CONVERSION = YES;
				CLANG_WARN_OBJC_ROOT_CLASS = YES_ERROR;
				CLANG_WARN_QUOTED_INCLUDE_IN_FRAMEWORK_HEADER = YES;
				CLANG_WARN_RANGE_LOOP_ANALYSIS = YES;
				CLANG_WARN_STRICT_PROTOTYPES = YES;
				CLANG_WARN_SUSPICIOUS_MOVE = YES;
				CLANG_WARN_UNGUARDED_AVAILABILITY = YES_AGGRESSIVE;
				CLANG_WARN_UNREACHABLE_CODE = YES;
				CLANG_WARN__DUPLICATE_METHOD_MATCH = YES;
				COPY_PHASE_STRIP = NO;
				DEBUG_INFORMATION_FORMAT = "dwarf-with-dsym";
				ENABLE_NS_ASSERTIONS = NO;
				ENABLE_STRICT_OBJC_MSGSEND = YES;
				GCC_C_LANGUAGE_STANDARD = gnu11;
				GCC_NO_COMMON_BLOCKS = YES;
				GCC_WARN_64_TO_32_BIT_CONVERSION = YES;
				GCC_WARN_ABOUT_RETURN_TYPE = YES_ERROR;
				GCC_WARN_UNDECLARED_SELECTOR = YES;
				GCC_WARN_UNINITIALIZED_AUTOS = YES_AGGRESSIVE;
				GCC_WARN_UNUSED_FUNCTION = YES;
				GCC_WARN_UNUSED_VARIABLE = YES;
				IPHONEOS_DEPLOYMENT_TARGET = 16.4;
				MTL_ENABLE_DEBUG_INFO = NO;
				MTL_FAST_MATH = YES;
				SDKROOT = iphoneos;
				SWIFT_COMPILATION_MODE = wholemodule;
				SWIFT_OPTIMIZATION_LEVEL = "-O";
				VALIDATE_PRODUCT = YES;
			};
			name = Release;
		};
		6F7C95C42A887F9500D88A96 /* Debug */ = {
			isa = XCBuildConfiguration;
			buildSettings = {
				ASSETCATALOG_COMPILER_APPICON_NAME = AppIcon;
				ASSETCATALOG_COMPILER_GLOBAL_ACCENT_COLOR_NAME = AccentColor;
				CODE_SIGN_STYLE = Automatic;
				CURRENT_PROJECT_VERSION = 1;
				DEVELOPMENT_ASSET_PATHS = "\"Restart/Preview Content\"";
				DEVELOPMENT_TEAM = 48RM3UNKQU;
				ENABLE_PREVIEWS = YES;
				GENERATE_INFOPLIST_FILE = YES;
				INFOPLIST_FILE = Restart/Info.plist;
				INFOPLIST_KEY_UIApplicationSceneManifest_Generation = YES;
				INFOPLIST_KEY_UIApplicationSupportsIndirectInputEvents = YES;
				INFOPLIST_KEY_UISupportedInterfaceOrientations = UIInterfaceOrientationPortrait;
				LD_RUNPATH_SEARCH_PATHS = (
					"$(inherited)",
					"@executable_path/Frameworks",
				);
				MARKETING_VERSION = 1.0;
				PRODUCT_BUNDLE_IDENTIFIER = com.TonyLim.Restart;
				PRODUCT_NAME = "$(TARGET_NAME)";
				SWIFT_EMIT_LOC_STRINGS = YES;
				SWIFT_VERSION = 5.0;
				TARGETED_DEVICE_FAMILY = "1,2";
			};
			name = Debug;
		};
		6F7C95C52A887F9500D88A96 /* Release */ = {
			isa = XCBuildConfiguration;
			buildSettings = {
				ASSETCATALOG_COMPILER_APPICON_NAME = AppIcon;
				ASSETCATALOG_COMPILER_GLOBAL_ACCENT_COLOR_NAME = AccentColor;
				CODE_SIGN_STYLE = Automatic;
				CURRENT_PROJECT_VERSION = 1;
				DEVELOPMENT_ASSET_PATHS = "\"Restart/Preview Content\"";
				DEVELOPMENT_TEAM = 48RM3UNKQU;
				ENABLE_PREVIEWS = YES;
				GENERATE_INFOPLIST_FILE = YES;
				INFOPLIST_FILE = Restart/Info.plist;
				INFOPLIST_KEY_UIApplicationSceneManifest_Generation = YES;
				INFOPLIST_KEY_UIApplicationSupportsIndirectInputEvents = YES;
				INFOPLIST_KEY_UISupportedInterfaceOrientations = UIInterfaceOrientationPortrait;
				LD_RUNPATH_SEARCH_PATHS = (
					"$(inherited)",
					"@executable_path/Frameworks",
				);
				MARKETING_VERSION = 1.0;
				PRODUCT_BUNDLE_IDENTIFIER = com.TonyLim.Restart;
				PRODUCT_NAME = "$(TARGET_NAME)";
				SWIFT_EMIT_LOC_STRINGS = YES;
				SWIFT_VERSION = 5.0;
				TARGETED_DEVICE_FAMILY = "1,2";
			};
			name = Release;
		};
/* End XCBuildConfiguration section */

/* Begin XCConfigurationList section */
		6F7C95B02A887F9400D88A96 /* Build configuration list for PBXProject "Restart" */ = {
			isa = XCConfigurationList;
			buildConfigurations = (
				6F7C95C12A887F9500D88A96 /* Debug */,
				6F7C95C22A887F9500D88A96 /* Release */,
			);
			defaultConfigurationIsVisible = 0;
			defaultConfigurationName = Release;
		};
		6F7C95C32A887F9500D88A96 /* Build configuration list for PBXNativeTarget "Restart" */ = {
			isa = XCConfigurationList;
			buildConfigurations = (
				6F7C95C42A887F9500D88A96 /* Debug */,
				6F7C95C52A887F9500D88A96 /* Release */,
			);
			defaultConfigurationIsVisible = 0;
			defaultConfigurationName = Release;
		};
/* End XCConfigurationList section */
	};
	rootObject = 6F7C95AD2A887F9400D88A96 /* Project object */;
}
